
Microsoft Visual Studio Solution File, Format Version 12.00
# Visual Studio Version 17
VisualStudioVersion = 17.5.33530.505
MinimumVisualStudioVersion = 10.0.40219.1
Project("{FAE04EC0-301F-11D3-BF4B-00C04F79EFBC}") = "MagicVilla_VillaAPI", "MagicVilla_VillaAPI\MagicVilla_VillaAPI.csproj", "{28A78CE2-534C-4715-9F71-0B7E9329E06A}"
EndProject
Global
	GlobalSection(SolutionConfigurationPlatforms) = preSolution
		Debug|Any CPU = Debug|Any CPU
		Release|Any CPU = Release|Any CPU
	EndGlobalSection
	GlobalSection(ProjectConfigurationPlatforms) = postSolution
		{28A78CE2-534C-4715-9F71-0B7E9329E06A}.Debug|Any CPU.ActiveCfg = Debug|Any CPU
		{28A78CE2-534C-4715-9F71-0B7E9329E06A}.Debug|Any CPU.Build.0 = Debug|Any CPU
		{28A78CE2-534C-4715-9F71-0B7E9329E06A}.Release|Any CPU.ActiveCfg = Release|Any CPU
		{28A78CE2-534C-4715-9F71-0B7E9329E06A}.Release|Any CPU.Build.0 = Release|Any CPU
	EndGlobalSection
	GlobalSection(SolutionProperties) = preSolution
		HideSolutionNode = FALSE
	EndGlobalSection
	GlobalSection(ExtensibilityGlobals) = postSolution
		SolutionGuid = {28B07FE1-70C0-4AD5-81E0-96FF9C8ACCD9}
	EndGlobalSection
EndGlobal
